
Microsoft Visual Studio Solution File, Format Version 12.00
# Visual Studio Version 16
VisualStudioVersion = 16.0.30320.27
MinimumVisualStudioVersion = 10.0.40219.1
Project("{9A19103F-16F7-4668-BE54-9A1E7A4F7556}") = "Web", "Web\Web.csproj", "{11B50B87-F8F5-4EE3-87CD-5CB074471E21}"
EndProject
Project("{9A19103F-16F7-4668-BE54-9A1E7A4F7556}") = "Rest", "Rest\Rest.csproj", "{01D1D262-F9E7-4DA4-AFE6-6EEB16664906}"
EndProject
Project("{9A19103F-16F7-4668-BE54-9A1E7A4F7556}") = "Repository", "Repository\Repository.csproj", "{702BEA3C-CC2A-4987-99AC-622DDAEF6FF7}"
EndProject
Project("{9A19103F-16F7-4668-BE54-9A1E7A4F7556}") = "Domain", "Domain\Domain.csproj", "{690F2821-5E48-44C8-AF93-F60C19FC9CF5}"
EndProject
Project("{FAE04EC0-301F-11D3-BF4B-00C04F79EFBC}") = "ApplicationService", "ApplicationService\ApplicationService.csproj", "{FCC54819-A724-4813-B21F-A4CE0CFA30BD}"
EndProject
Global
	GlobalSection(SolutionConfigurationPlatforms) = preSolution
		Debug|Any CPU = Debug|Any CPU
		Release|Any CPU = Release|Any CPU
	EndGlobalSection
	GlobalSection(ProjectConfigurationPlatforms) = postSolution
		{11B50B87-F8F5-4EE3-87CD-5CB074471E21}.Debug|Any CPU.ActiveCfg = Debug|Any CPU
		{11B50B87-F8F5-4EE3-87CD-5CB074471E21}.Debug|Any CPU.Build.0 = Debug|Any CPU
		{11B50B87-F8F5-4EE3-87CD-5CB074471E21}.Release|Any CPU.ActiveCfg = Release|Any CPU
		{11B50B87-F8F5-4EE3-87CD-5CB074471E21}.Release|Any CPU.Build.0 = Release|Any CPU
		{01D1D262-F9E7-4DA4-AFE6-6EEB16664906}.Debug|Any CPU.ActiveCfg = Debug|Any CPU
		{01D1D262-F9E7-4DA4-AFE6-6EEB16664906}.Debug|Any CPU.Build.0 = Debug|Any CPU
		{01D1D262-F9E7-4DA4-AFE6-6EEB16664906}.Release|Any CPU.ActiveCfg = Release|Any CPU
		{01D1D262-F9E7-4DA4-AFE6-6EEB16664906}.Release|Any CPU.Build.0 = Release|Any CPU
		{702BEA3C-CC2A-4987-99AC-622DDAEF6FF7}.Debug|Any CPU.ActiveCfg = Debug|Any CPU
		{702BEA3C-CC2A-4987-99AC-622DDAEF6FF7}.Debug|Any CPU.Build.0 = Debug|Any CPU
		{702BEA3C-CC2A-4987-99AC-622DDAEF6FF7}.Release|Any CPU.ActiveCfg = Release|Any CPU
		{702BEA3C-CC2A-4987-99AC-622DDAEF6FF7}.Release|Any CPU.Build.0 = Release|Any CPU
		{690F2821-5E48-44C8-AF93-F60C19FC9CF5}.Debug|Any CPU.ActiveCfg = Debug|Any CPU
		{690F2821-5E48-44C8-AF93-F60C19FC9CF5}.Debug|Any CPU.Build.0 = Debug|Any CPU
		{690F2821-5E48-44C8-AF93-F60C19FC9CF5}.Release|Any CPU.ActiveCfg = Release|Any CPU
		{690F2821-5E48-44C8-AF93-F60C19FC9CF5}.Release|Any CPU.Build.0 = Release|Any CPU
		{FCC54819-A724-4813-B21F-A4CE0CFA30BD}.Debug|Any CPU.ActiveCfg = Debug|Any CPU
		{FCC54819-A724-4813-B21F-A4CE0CFA30BD}.Debug|Any CPU.Build.0 = Debug|Any CPU
		{FCC54819-A724-4813-B21F-A4CE0CFA30BD}.Release|Any CPU.ActiveCfg = Release|Any CPU
		{FCC54819-A724-4813-B21F-A4CE0CFA30BD}.Release|Any CPU.Build.0 = Release|Any CPU
	EndGlobalSection
	GlobalSection(SolutionProperties) = preSolution
		HideSolutionNode = FALSE
	EndGlobalSection
	GlobalSection(ExtensibilityGlobals) = postSolution
		SolutionGuid = {C6B01F0C-5071-4663-B77E-55D0EC688F05}
	EndGlobalSection
EndGlobal
